
Microsoft Visual Studio Solution File, Format Version 12.00
# Visual Studio Version 17
VisualStudioVersion = 17.5.33530.505
MinimumVisualStudioVersion = 10.0.40219.1
Project("{FAE04EC0-301F-11D3-BF4B-00C04F79EFBC}") = "EnjoyEat", "EnjoyEat\EnjoyEat.csproj", "{6F3C3B35-1CDD-4EF2-BE43-EB811CB3DA46}"
EndProject
Global
	GlobalSection(SolutionConfigurationPlatforms) = preSolution
		Debug|Any CPU = Debug|Any CPU
		Release|Any CPU = Release|Any CPU
	EndGlobalSection
	GlobalSection(ProjectConfigurationPlatforms) = postSolution
		{6F3C3B35-1CDD-4EF2-BE43-EB811CB3DA46}.Debug|Any CPU.ActiveCfg = Debug|Any CPU
		{6F3C3B35-1CDD-4EF2-BE43-EB811CB3DA46}.Debug|Any CPU.Build.0 = Debug|Any CPU
		{6F3C3B35-1CDD-4EF2-BE43-EB811CB3DA46}.Release|Any CPU.ActiveCfg = Release|Any CPU
		{6F3C3B35-1CDD-4EF2-BE43-EB811CB3DA46}.Release|Any CPU.Build.0 = Release|Any CPU
	EndGlobalSection
	GlobalSection(SolutionProperties) = preSolution
		HideSolutionNode = FALSE
	EndGlobalSection
	GlobalSection(ExtensibilityGlobals) = postSolution
		SolutionGuid = {09DD3066-0F71-463F-BB0D-B1F5787EA7BA}
	EndGlobalSection
EndGlobal
