
Microsoft Visual Studio Solution File, Format Version 12.00
# Visual Studio Version 17
VisualStudioVersion = 17.5.33530.505
MinimumVisualStudioVersion = 10.0.40219.1
Project("{FAE04EC0-301F-11D3-BF4B-00C04F79EFBC}") = "專案OrderForHere", "專案OrderForHere\專案OrderForHere.csproj", "{15B90D24-960D-4D16-90E9-DDDCBC35F395}"
EndProject
Global
	GlobalSection(SolutionConfigurationPlatforms) = preSolution
		Debug|Any CPU = Debug|Any CPU
		Release|Any CPU = Release|Any CPU
	EndGlobalSection
	GlobalSection(ProjectConfigurationPlatforms) = postSolution
		{15B90D24-960D-4D16-90E9-DDDCBC35F395}.Debug|Any CPU.ActiveCfg = Debug|Any CPU
		{15B90D24-960D-4D16-90E9-DDDCBC35F395}.Debug|Any CPU.Build.0 = Debug|Any CPU
		{15B90D24-960D-4D16-90E9-DDDCBC35F395}.Release|Any CPU.ActiveCfg = Release|Any CPU
		{15B90D24-960D-4D16-90E9-DDDCBC35F395}.Release|Any CPU.Build.0 = Release|Any CPU
	EndGlobalSection
	GlobalSection(SolutionProperties) = preSolution
		HideSolutionNode = FALSE
	EndGlobalSection
	GlobalSection(ExtensibilityGlobals) = postSolution
		SolutionGuid = {1CDA0214-555D-4C18-BF10-237D2685C645}
	EndGlobalSection
EndGlobal
